// !$*UTF8*$!
{
	archiveVersion = 1;
	classes = {
	};
	objectVersion = 46;
	objects = {

/* Begin PBXBuildFile section */
		6507226A1B9F6A9900214138 /* SwiftParse.h in Headers */ = {isa = PBXBuildFile; fileRef = 650722691B9F6A9900214138 /* SwiftParse.h */; settings = {ATTRIBUTES = (Public, ); }; };
		650722761B9F6A9900214138 /* SwiftParseTests.swift in Sources */ = {isa = PBXBuildFile; fileRef = 650722751B9F6A9900214138 /* SwiftParseTests.swift */; };
		650C14101BC07F3A00B61F01 /* Swiftz.framework in Frameworks */ = {isa = PBXBuildFile; fileRef = 650C13F91BC07DAB00B61F01 /* Swiftz.framework */; };
		650C14111BC07F4400B61F01 /* Swiftz.framework in Frameworks */ = {isa = PBXBuildFile; fileRef = 650C13F51BC07DAB00B61F01 /* Swiftz.framework */; };
		6513C7961BA17B0F00912A7C /* ArbitraryTypes.swift in Sources */ = {isa = PBXBuildFile; fileRef = 6513C7951BA17B0F00912A7C /* ArbitraryTypes.swift */; settings = {ASSET_TAGS = (); }; };
		6513C7981BA1D1CC00912A7C /* Test+Extensions.swift in Sources */ = {isa = PBXBuildFile; fileRef = 6513C7971BA1D1CC00912A7C /* Test+Extensions.swift */; settings = {ASSET_TAGS = (); }; };
		6513C7A41BA28BBA00912A7C /* SwiftParse-OSX.h in Headers */ = {isa = PBXBuildFile; fileRef = 6513C7A31BA28BBA00912A7C /* SwiftParse-OSX.h */; settings = {ATTRIBUTES = (Public, ); }; };
		6513C7B01BA28BBA00912A7C /* SwiftParse_OSXTests.swift in Sources */ = {isa = PBXBuildFile; fileRef = 6513C7AF1BA28BBA00912A7C /* SwiftParse_OSXTests.swift */; };
		6513C7B81BA28C7000912A7C /* SwiftParse.swift in Sources */ = {isa = PBXBuildFile; fileRef = 656BBF951B9F7B74008C2CDF /* SwiftParse.swift */; settings = {ASSET_TAGS = (); }; };
		6513C7BB1BA28CE800912A7C /* Global+Ext.swift in Sources */ = {isa = PBXBuildFile; fileRef = 6529F2101BA06CB6009D79BC /* Global+Ext.swift */; settings = {ASSET_TAGS = (); }; };
		6513C7BC1BA291B000912A7C /* SwiftParseTests.swift in Sources */ = {isa = PBXBuildFile; fileRef = 650722751B9F6A9900214138 /* SwiftParseTests.swift */; settings = {ASSET_TAGS = (); }; };
		6513C7BE1BA2921900912A7C /* ArbitraryTypes.swift in Sources */ = {isa = PBXBuildFile; fileRef = 6513C7951BA17B0F00912A7C /* ArbitraryTypes.swift */; settings = {ASSET_TAGS = (); }; };
		6513C7C01BA2922E00912A7C /* Test+Extensions.swift in Sources */ = {isa = PBXBuildFile; fileRef = 6513C7971BA1D1CC00912A7C /* Test+Extensions.swift */; settings = {ASSET_TAGS = (); }; };
		6513F6111BB9AF030056FCB8 /* SwiftParse+Ext.swift in Sources */ = {isa = PBXBuildFile; fileRef = 6513F6101BB9AF030056FCB8 /* SwiftParse+Ext.swift */; settings = {ASSET_TAGS = (); }; };
		6513F6121BB9AF030056FCB8 /* SwiftParse+Ext.swift in Sources */ = {isa = PBXBuildFile; fileRef = 6513F6101BB9AF030056FCB8 /* SwiftParse+Ext.swift */; settings = {ASSET_TAGS = (); }; };
		6529F2111BA06CB6009D79BC /* Global+Ext.swift in Sources */ = {isa = PBXBuildFile; fileRef = 6529F2101BA06CB6009D79BC /* Global+Ext.swift */; settings = {ASSET_TAGS = (); }; };
		65305B641BC130BA00A8F307 /* SwiftzSpecs.swift in Sources */ = {isa = PBXBuildFile; fileRef = 65305B631BC130BA00A8F307 /* SwiftzSpecs.swift */; settings = {ASSET_TAGS = (); }; };
		65305B651BC130BA00A8F307 /* SwiftzSpecs.swift in Sources */ = {isa = PBXBuildFile; fileRef = 65305B631BC130BA00A8F307 /* SwiftzSpecs.swift */; settings = {ASSET_TAGS = (); }; };
		653AC5791BB00D0000250A7C /* Test+Operators.swift in Sources */ = {isa = PBXBuildFile; fileRef = 653AC5681BB00BB700250A7C /* Test+Operators.swift */; settings = {ASSET_TAGS = (); }; };
		653AC57A1BB00D0200250A7C /* Test+Operators.swift in Sources */ = {isa = PBXBuildFile; fileRef = 653AC5681BB00BB700250A7C /* Test+Operators.swift */; settings = {ASSET_TAGS = (); }; };
		653AC57D1BB02F6B00250A7C /* DotParser.swift in Sources */ = {isa = PBXBuildFile; fileRef = 650D7EAB1BA0928500F62B40 /* DotParser.swift */; settings = {ASSET_TAGS = (); }; };
		653AC57E1BB02F6C00250A7C /* DotParser.swift in Sources */ = {isa = PBXBuildFile; fileRef = 650D7EAB1BA0928500F62B40 /* DotParser.swift */; settings = {ASSET_TAGS = (); }; };
		653AC57F1BB02F7100250A7C /* DotAST.swift in Sources */ = {isa = PBXBuildFile; fileRef = 6513C78F1BA0DEBE00912A7C /* DotAST.swift */; settings = {ASSET_TAGS = (); }; };
		653AC5801BB02F7300250A7C /* DotAST.swift in Sources */ = {isa = PBXBuildFile; fileRef = 6513C78F1BA0DEBE00912A7C /* DotAST.swift */; settings = {ASSET_TAGS = (); }; };
		653AC5821BB0331900250A7C /* SwiftParseSpecs.swift in Sources */ = {isa = PBXBuildFile; fileRef = 653AC5811BB0331900250A7C /* SwiftParseSpecs.swift */; settings = {ASSET_TAGS = (); }; };
		653AC5831BB0331900250A7C /* SwiftParseSpecs.swift in Sources */ = {isa = PBXBuildFile; fileRef = 653AC5811BB0331900250A7C /* SwiftParseSpecs.swift */; settings = {ASSET_TAGS = (); }; };
		656BBF961B9F7B74008C2CDF /* SwiftParse.swift in Sources */ = {isa = PBXBuildFile; fileRef = 656BBF951B9F7B74008C2CDF /* SwiftParse.swift */; settings = {ASSET_TAGS = (); }; };
		65E97E2F1BAC4259007E2B6D /* Nimble.framework in Frameworks */ = {isa = PBXBuildFile; fileRef = 65830C531BA56BA7004433B5 /* Nimble.framework */; };
		65E97E301BAC4301007E2B6D /* Quick.framework in Frameworks */ = {isa = PBXBuildFile; fileRef = 65830C3C1BA56AF9004433B5 /* Quick.framework */; };
		65E97E321BAC44E8007E2B6D /* Quick.framework in Frameworks */ = {isa = PBXBuildFile; fileRef = 65830C3C1BA56AF9004433B5 /* Quick.framework */; };
		65FD85AD1BB54E53008089E4 /* Nimble.framework in Frameworks */ = {isa = PBXBuildFile; fileRef = 65830C571BA56BA7004433B5 /* Nimble.framework */; };
/* End PBXBuildFile section */

/* Begin PBXContainerItemProxy section */
		650722721B9F6A9900214138 /* PBXContainerItemProxy */ = {
			isa = PBXContainerItemProxy;
			containerPortal = 6507225D1B9F6A9800214138 /* Project object */;
			proxyType = 1;
			remoteGlobalIDString = 650722651B9F6A9800214138;
			remoteInfo = SwiftParse;
		};
		650C13F41BC07DAB00B61F01 /* PBXContainerItemProxy */ = {
			isa = PBXContainerItemProxy;
			containerPortal = 650C13E31BC07DAB00B61F01 /* Swiftz.xcodeproj */;
			proxyType = 2;
			remoteGlobalIDString = 84A88F981A71DF7F003D53CF;
			remoteInfo = Swiftz;
		};
		650C13F61BC07DAB00B61F01 /* PBXContainerItemProxy */ = {
			isa = PBXContainerItemProxy;
			containerPortal = 650C13E31BC07DAB00B61F01 /* Swiftz.xcodeproj */;
			proxyType = 2;
			remoteGlobalIDString = 84A88FA31A71DF7F003D53CF;
			remoteInfo = SwiftzTests;
		};
		650C13F81BC07DAB00B61F01 /* PBXContainerItemProxy */ = {
			isa = PBXContainerItemProxy;
			containerPortal = 650C13E31BC07DAB00B61F01 /* Swiftz.xcodeproj */;
			proxyType = 2;
			remoteGlobalIDString = 84DF751E1B0BD17700C912B0;
			remoteInfo = "Swiftz-iOS";
		};
		650C13FA1BC07DAB00B61F01 /* PBXContainerItemProxy */ = {
			isa = PBXContainerItemProxy;
			containerPortal = 650C13E31BC07DAB00B61F01 /* Swiftz.xcodeproj */;
			proxyType = 2;
			remoteGlobalIDString = 84DF75281B0BD17700C912B0;
			remoteInfo = "Swiftz-iOSTests";
		};
		650C13FC1BC07E0C00B61F01 /* PBXContainerItemProxy */ = {
			isa = PBXContainerItemProxy;
			containerPortal = 650C13E31BC07DAB00B61F01 /* Swiftz.xcodeproj */;
			proxyType = 1;
			remoteGlobalIDString = 84DF751D1B0BD17700C912B0;
			remoteInfo = "Swiftz-iOS";
		};
		650C14071BC07EF400B61F01 /* PBXContainerItemProxy */ = {
			isa = PBXContainerItemProxy;
			containerPortal = 650C14001BC07EF300B61F01 /* SwiftCheck.xcodeproj */;
			proxyType = 2;
			remoteGlobalIDString = 844FCC8D198B320500EB242A;
			remoteInfo = SwiftCheck;
		};
		650C14091BC07EF400B61F01 /* PBXContainerItemProxy */ = {
			isa = PBXContainerItemProxy;
			containerPortal = 650C14001BC07EF300B61F01 /* SwiftCheck.xcodeproj */;
			proxyType = 2;
			remoteGlobalIDString = 844FCC98198B320500EB242A;
			remoteInfo = SwiftCheckTests;
		};
		650C140B1BC07EF400B61F01 /* PBXContainerItemProxy */ = {
			isa = PBXContainerItemProxy;
			containerPortal = 650C14001BC07EF300B61F01 /* SwiftCheck.xcodeproj */;
			proxyType = 2;
			remoteGlobalIDString = 84DF75F81B0BD54600C912B0;
			remoteInfo = "SwiftCheck-iOS";
		};
		650C140D1BC07EF400B61F01 /* PBXContainerItemProxy */ = {
			isa = PBXContainerItemProxy;
			containerPortal = 650C14001BC07EF300B61F01 /* SwiftCheck.xcodeproj */;
			proxyType = 2;
			remoteGlobalIDString = 84DF76021B0BD54600C912B0;
			remoteInfo = "SwiftCheck-iOSTests";
		};
		6513C7AC1BA28BBA00912A7C /* PBXContainerItemProxy */ = {
			isa = PBXContainerItemProxy;
			containerPortal = 6507225D1B9F6A9800214138 /* Project object */;
			proxyType = 1;
			remoteGlobalIDString = 6513C7A01BA28BBA00912A7C;
			remoteInfo = "SwiftParse-OSX";
		};
		65830C3B1BA56AF9004433B5 /* PBXContainerItemProxy */ = {
			isa = PBXContainerItemProxy;
			containerPortal = 65830C321BA56AF9004433B5 /* Quick.xcodeproj */;
			proxyType = 2;
			remoteGlobalIDString = DAEB6B8E1943873100289F44;
			remoteInfo = "Quick-OSX";
		};
		65830C3D1BA56AF9004433B5 /* PBXContainerItemProxy */ = {
			isa = PBXContainerItemProxy;
			containerPortal = 65830C321BA56AF9004433B5 /* Quick.xcodeproj */;
			proxyType = 2;
			remoteGlobalIDString = DAEB6B991943873100289F44;
			remoteInfo = "Quick-OSXTests";
		};
		65830C3F1BA56AF9004433B5 /* PBXContainerItemProxy */ = {
			isa = PBXContainerItemProxy;
			containerPortal = 65830C321BA56AF9004433B5 /* Quick.xcodeproj */;
			proxyType = 2;
			remoteGlobalIDString = DA5663E81A4C8D8500193C88;
			remoteInfo = "QuickFocused-OSXTests";
		};
		65830C411BA56AF9004433B5 /* PBXContainerItemProxy */ = {
			isa = PBXContainerItemProxy;
			containerPortal = 65830C321BA56AF9004433B5 /* Quick.xcodeproj */;
			proxyType = 2;
			remoteGlobalIDString = 5A5D117C19473F2100F6D13D;
			remoteInfo = "Quick-iOS";
		};
		65830C431BA56AF9004433B5 /* PBXContainerItemProxy */ = {
			isa = PBXContainerItemProxy;
			containerPortal = 65830C321BA56AF9004433B5 /* Quick.xcodeproj */;
			proxyType = 2;
			remoteGlobalIDString = 5A5D118619473F2100F6D13D;
			remoteInfo = "Quick-iOSTests";
		};
		65830C451BA56AF9004433B5 /* PBXContainerItemProxy */ = {
			isa = PBXContainerItemProxy;
			containerPortal = 65830C321BA56AF9004433B5 /* Quick.xcodeproj */;
			proxyType = 2;
			remoteGlobalIDString = DA9876B21A4C70EB0004AA17;
			remoteInfo = "QuickFocused-iOSTests";
		};
		65830C521BA56BA7004433B5 /* PBXContainerItemProxy */ = {
			isa = PBXContainerItemProxy;
			containerPortal = 65830C4B1BA56BA7004433B5 /* Nimble.xcodeproj */;
			proxyType = 2;
			remoteGlobalIDString = 1F1A74291940169200FFFC47;
			remoteInfo = "Nimble-iOS";
		};
		65830C541BA56BA7004433B5 /* PBXContainerItemProxy */ = {
			isa = PBXContainerItemProxy;
			containerPortal = 65830C4B1BA56BA7004433B5 /* Nimble.xcodeproj */;
			proxyType = 2;
			remoteGlobalIDString = 1F1A74341940169200FFFC47;
			remoteInfo = "Nimble-iOSTests";
		};
		65830C561BA56BA7004433B5 /* PBXContainerItemProxy */ = {
			isa = PBXContainerItemProxy;
			containerPortal = 65830C4B1BA56BA7004433B5 /* Nimble.xcodeproj */;
			proxyType = 2;
			remoteGlobalIDString = 1F925EAD195C0D6300ED456B;
			remoteInfo = "Nimble-OSX";
		};
		65830C581BA56BA7004433B5 /* PBXContainerItemProxy */ = {
			isa = PBXContainerItemProxy;
			containerPortal = 65830C4B1BA56BA7004433B5 /* Nimble.xcodeproj */;
			proxyType = 2;
			remoteGlobalIDString = 1F925EB7195C0D6300ED456B;
			remoteInfo = "Nimble-OSXTests";
		};
		65FD85B01BB552B0008089E4 /* PBXContainerItemProxy */ = {
			isa = PBXContainerItemProxy;
			containerPortal = 65830C4B1BA56BA7004433B5 /* Nimble.xcodeproj */;
			proxyType = 1;
			remoteGlobalIDString = 1F925EAC195C0D6300ED456B;
			remoteInfo = "Nimble-OSX";
		};
/* End PBXContainerItemProxy section */

/* Begin PBXFileReference section */
		650722661B9F6A9800214138 /* SwiftParse.framework */ = {isa = PBXFileReference; explicitFileType = wrapper.framework; includeInIndex = 0; path = SwiftParse.framework; sourceTree = BUILT_PRODUCTS_DIR; };
		650722691B9F6A9900214138 /* SwiftParse.h */ = {isa = PBXFileReference; lastKnownFileType = sourcecode.c.h; path = SwiftParse.h; sourceTree = "<group>"; };
		6507226B1B9F6A9900214138 /* Info.plist */ = {isa = PBXFileReference; lastKnownFileType = text.plist.xml; path = Info.plist; sourceTree = "<group>"; };
		650722701B9F6A9900214138 /* SwiftParse-iOSTests.xctest */ = {isa = PBXFileReference; explicitFileType = wrapper.cfbundle; includeInIndex = 0; path = "SwiftParse-iOSTests.xctest"; sourceTree = BUILT_PRODUCTS_DIR; };
		650722751B9F6A9900214138 /* SwiftParseTests.swift */ = {isa = PBXFileReference; lastKnownFileType = sourcecode.swift; path = SwiftParseTests.swift; sourceTree = "<group>"; };
		650722771B9F6A9900214138 /* Info.plist */ = {isa = PBXFileReference; lastKnownFileType = text.plist.xml; path = Info.plist; sourceTree = "<group>"; };
		650722811B9F726D00214138 /* Parsing.playground */ = {isa = PBXFileReference; lastKnownFileType = file.playground; name = Parsing.playground; path = Playgrounds/Parsing.playground; sourceTree = "<group>"; };
		650C13E31BC07DAB00B61F01 /* Swiftz.xcodeproj */ = {isa = PBXFileReference; lastKnownFileType = "wrapper.pb-project"; name = Swiftz.xcodeproj; path = ../Modules/Swiftz/Swiftz.xcodeproj; sourceTree = "<group>"; };
		650C14001BC07EF300B61F01 /* SwiftCheck.xcodeproj */ = {isa = PBXFileReference; lastKnownFileType = "wrapper.pb-project"; name = SwiftCheck.xcodeproj; path = ../Modules/Swiftz/Carthage/Checkouts/SwiftCheck/SwiftCheck.xcodeproj; sourceTree = "<group>"; };
		650D7EAB1BA0928500F62B40 /* DotParser.swift */ = {isa = PBXFileReference; fileEncoding = 4; lastKnownFileType = sourcecode.swift; name = DotParser.swift; path = SwiftParseTests/DotParser.swift; sourceTree = SOURCE_ROOT; };
		6513C78F1BA0DEBE00912A7C /* DotAST.swift */ = {isa = PBXFileReference; fileEncoding = 4; lastKnownFileType = sourcecode.swift; name = DotAST.swift; path = SwiftParseTests/DotAST.swift; sourceTree = SOURCE_ROOT; };
		6513C7951BA17B0F00912A7C /* ArbitraryTypes.swift */ = {isa = PBXFileReference; fileEncoding = 4; lastKnownFileType = sourcecode.swift; path = ArbitraryTypes.swift; sourceTree = "<group>"; };
		6513C7971BA1D1CC00912A7C /* Test+Extensions.swift */ = {isa = PBXFileReference; fileEncoding = 4; lastKnownFileType = sourcecode.swift; path = "Test+Extensions.swift"; sourceTree = "<group>"; };
		6513C7991BA1F83300912A7C /* SwiftParseTests.playground */ = {isa = PBXFileReference; lastKnownFileType = file.playground; name = SwiftParseTests.playground; path = Playgrounds/SwiftParseTests.playground; sourceTree = "<group>"; };
		6513C79A1BA289CE00912A7C /* .travis.yml */ = {isa = PBXFileReference; fileEncoding = 4; lastKnownFileType = text; name = .travis.yml; path = ../.travis.yml; sourceTree = "<group>"; };
		6513C7A11BA28BBA00912A7C /* SwiftParse.framework */ = {isa = PBXFileReference; explicitFileType = wrapper.framework; includeInIndex = 0; path = SwiftParse.framework; sourceTree = BUILT_PRODUCTS_DIR; };
		6513C7A31BA28BBA00912A7C /* SwiftParse-OSX.h */ = {isa = PBXFileReference; lastKnownFileType = sourcecode.c.h; path = "SwiftParse-OSX.h"; sourceTree = "<group>"; };
		6513C7A51BA28BBA00912A7C /* Info.plist */ = {isa = PBXFileReference; lastKnownFileType = text.plist.xml; path = Info.plist; sourceTree = "<group>"; };
		6513C7AA1BA28BBA00912A7C /* SwiftParse-OSXTests.xctest */ = {isa = PBXFileReference; explicitFileType = wrapper.cfbundle; includeInIndex = 0; path = "SwiftParse-OSXTests.xctest"; sourceTree = BUILT_PRODUCTS_DIR; };
		6513C7AF1BA28BBA00912A7C /* SwiftParse_OSXTests.swift */ = {isa = PBXFileReference; lastKnownFileType = sourcecode.swift; path = SwiftParse_OSXTests.swift; sourceTree = "<group>"; };
		6513C7B11BA28BBA00912A7C /* Info.plist */ = {isa = PBXFileReference; lastKnownFileType = text.plist.xml; path = Info.plist; sourceTree = "<group>"; };
		6513C7C11BA2A0FA00912A7C /* README.md */ = {isa = PBXFileReference; fileEncoding = 4; lastKnownFileType = net.daringfireball.markdown; name = README.md; path = ../README.md; sourceTree = "<group>"; };
		6513F6101BB9AF030056FCB8 /* SwiftParse+Ext.swift */ = {isa = PBXFileReference; fileEncoding = 4; lastKnownFileType = sourcecode.swift; path = "SwiftParse+Ext.swift"; sourceTree = "<group>"; };
		6529F2101BA06CB6009D79BC /* Global+Ext.swift */ = {isa = PBXFileReference; fileEncoding = 4; lastKnownFileType = sourcecode.swift; path = "Global+Ext.swift"; sourceTree = "<group>"; };
		652DEDFA1BCC23E60013F585 /* PrettyPrinter.playground */ = {isa = PBXFileReference; lastKnownFileType = file.playground; name = PrettyPrinter.playground; path = Playgrounds/PrettyPrinter.playground; sourceTree = "<group>"; };
		65305B631BC130BA00A8F307 /* SwiftzSpecs.swift */ = {isa = PBXFileReference; fileEncoding = 4; lastKnownFileType = sourcecode.swift; path = SwiftzSpecs.swift; sourceTree = "<group>"; };
		65305B761BC273C200A8F307 /* SwiftzMonadicMemoization.playground */ = {isa = PBXFileReference; lastKnownFileType = file.playground; name = SwiftzMonadicMemoization.playground; path = Playgrounds/SwiftzMonadicMemoization.playground; sourceTree = "<group>"; };
		653AC5681BB00BB700250A7C /* Test+Operators.swift */ = {isa = PBXFileReference; fileEncoding = 4; lastKnownFileType = sourcecode.swift; path = "Test+Operators.swift"; sourceTree = "<group>"; };
		653AC5811BB0331900250A7C /* SwiftParseSpecs.swift */ = {isa = PBXFileReference; fileEncoding = 4; lastKnownFileType = sourcecode.swift; path = SwiftParseSpecs.swift; sourceTree = "<group>"; };
		656BBF951B9F7B74008C2CDF /* SwiftParse.swift */ = {isa = PBXFileReference; fileEncoding = 4; lastKnownFileType = sourcecode.swift; path = SwiftParse.swift; sourceTree = "<group>"; };
		65830C321BA56AF9004433B5 /* Quick.xcodeproj */ = {isa = PBXFileReference; lastKnownFileType = "wrapper.pb-project"; name = Quick.xcodeproj; path = ../Modules/Quick/Quick.xcodeproj; sourceTree = "<group>"; };
		65830C4B1BA56BA7004433B5 /* Nimble.xcodeproj */ = {isa = PBXFileReference; lastKnownFileType = "wrapper.pb-project"; name = Nimble.xcodeproj; path = ../Modules/Quick/Externals/Nimble/Nimble.xcodeproj; sourceTree = "<group>"; };
		65BDE1921BC7CC3100734A9F /* Isomorphic Syntax Descriptions.playground */ = {isa = PBXFileReference; lastKnownFileType = file.playground; name = "Isomorphic Syntax Descriptions.playground"; path = "Playgrounds/Isomorphic Syntax Descriptions.playground"; sourceTree = "<group>"; };
/* End PBXFileReference section */

/* Begin PBXFrameworksBuildPhase section */
		650722621B9F6A9800214138 /* Frameworks */ = {
			isa = PBXFrameworksBuildPhase;
			buildActionMask = 2147483647;
			files = (
				650C14101BC07F3A00B61F01 /* Swiftz.framework in Frameworks */,
			);
			runOnlyForDeploymentPostprocessing = 0;
		};
		6507226D1B9F6A9900214138 /* Frameworks */ = {
			isa = PBXFrameworksBuildPhase;
			buildActionMask = 2147483647;
			files = (
				65E97E301BAC4301007E2B6D /* Quick.framework in Frameworks */,
				65E97E2F1BAC4259007E2B6D /* Nimble.framework in Frameworks */,
			);
			runOnlyForDeploymentPostprocessing = 0;
		};
		6513C79D1BA28BBA00912A7C /* Frameworks */ = {
			isa = PBXFrameworksBuildPhase;
			buildActionMask = 2147483647;
			files = (
				650C14111BC07F4400B61F01 /* Swiftz.framework in Frameworks */,
			);
			runOnlyForDeploymentPostprocessing = 0;
		};
		6513C7A71BA28BBA00912A7C /* Frameworks */ = {
			isa = PBXFrameworksBuildPhase;
			buildActionMask = 2147483647;
			files = (
				65FD85AD1BB54E53008089E4 /* Nimble.framework in Frameworks */,
				65E97E321BAC44E8007E2B6D /* Quick.framework in Frameworks */,
			);
			runOnlyForDeploymentPostprocessing = 0;
		};
/* End PBXFrameworksBuildPhase section */

/* Begin PBXGroup section */
		6507225C1B9F6A9800214138 = {
			isa = PBXGroup;
			children = (
				6513C7C11BA2A0FA00912A7C /* README.md */,
				6513C79A1BA289CE00912A7C /* .travis.yml */,
				6529F1FC1BA06B80009D79BC /* Dependencies */,
				650722801B9F725A00214138 /* Playgrounds */,
				650722681B9F6A9900214138 /* SwiftParse */,
				650722741B9F6A9900214138 /* SwiftParseTests */,
				6513C7A21BA28BBA00912A7C /* SwiftParse-OSX */,
				6513C7AE1BA28BBA00912A7C /* SwiftParse-OSXTests */,
				650722671B9F6A9800214138 /* Products */,
			);
			sourceTree = "<group>";
		};
		650722671B9F6A9800214138 /* Products */ = {
			isa = PBXGroup;
			children = (
				650722661B9F6A9800214138 /* SwiftParse.framework */,
				650722701B9F6A9900214138 /* SwiftParse-iOSTests.xctest */,
				6513C7A11BA28BBA00912A7C /* SwiftParse.framework */,
				6513C7AA1BA28BBA00912A7C /* SwiftParse-OSXTests.xctest */,
			);
			name = Products;
			sourceTree = "<group>";
		};
		650722681B9F6A9900214138 /* SwiftParse */ = {
			isa = PBXGroup;
			children = (
				656BBF951B9F7B74008C2CDF /* SwiftParse.swift */,
				6513F6101BB9AF030056FCB8 /* SwiftParse+Ext.swift */,
				653AC57B1BB02F3B00250A7C /* Dot */,
				653AC57C1BB02F4900250A7C /* Supporting */,
			);
			path = SwiftParse;
			sourceTree = "<group>";
		};
		650722741B9F6A9900214138 /* SwiftParseTests */ = {
			isa = PBXGroup;
			children = (
				650722751B9F6A9900214138 /* SwiftParseTests.swift */,
				653AC5811BB0331900250A7C /* SwiftParseSpecs.swift */,
				6513C7951BA17B0F00912A7C /* ArbitraryTypes.swift */,
				6513C7971BA1D1CC00912A7C /* Test+Extensions.swift */,
				653AC5681BB00BB700250A7C /* Test+Operators.swift */,
				650722771B9F6A9900214138 /* Info.plist */,
				65305B631BC130BA00A8F307 /* SwiftzSpecs.swift */,
			);
			path = SwiftParseTests;
			sourceTree = "<group>";
		};
		650722801B9F725A00214138 /* Playgrounds */ = {
			isa = PBXGroup;
			children = (
				650722811B9F726D00214138 /* Parsing.playground */,
				6513C7991BA1F83300912A7C /* SwiftParseTests.playground */,
				65305B761BC273C200A8F307 /* SwiftzMonadicMemoization.playground */,
				65BDE1921BC7CC3100734A9F /* Isomorphic Syntax Descriptions.playground */,
				652DEDFA1BCC23E60013F585 /* PrettyPrinter.playground */,
			);
			name = Playgrounds;
			sourceTree = "<group>";
		};
		650C13E41BC07DAB00B61F01 /* Products */ = {
			isa = PBXGroup;
			children = (
				650C13F51BC07DAB00B61F01 /* Swiftz.framework */,
				650C13F71BC07DAB00B61F01 /* SwiftzTests.xctest */,
				650C13F91BC07DAB00B61F01 /* Swiftz.framework */,
				650C13FB1BC07DAB00B61F01 /* Swiftz-iOSTests.xctest */,
			);
			name = Products;
			sourceTree = "<group>";
		};
		650C14011BC07EF300B61F01 /* Products */ = {
			isa = PBXGroup;
			children = (
				650C14081BC07EF400B61F01 /* SwiftCheck.framework */,
				650C140A1BC07EF400B61F01 /* SwiftCheckTests.xctest */,
				650C140C1BC07EF400B61F01 /* SwiftCheck.framework */,
				650C140E1BC07EF400B61F01 /* SwiftCheck-iOSTests.xctest */,
			);
			name = Products;
			sourceTree = "<group>";
		};
		6513C7A21BA28BBA00912A7C /* SwiftParse-OSX */ = {
			isa = PBXGroup;
			children = (
				6513C7A31BA28BBA00912A7C /* SwiftParse-OSX.h */,
				6513C7A51BA28BBA00912A7C /* Info.plist */,
			);
			path = "SwiftParse-OSX";
			sourceTree = "<group>";
		};
		6513C7AE1BA28BBA00912A7C /* SwiftParse-OSXTests */ = {
			isa = PBXGroup;
			children = (
				6513C7AF1BA28BBA00912A7C /* SwiftParse_OSXTests.swift */,
				6513C7B11BA28BBA00912A7C /* Info.plist */,
			);
			path = "SwiftParse-OSXTests";
			sourceTree = "<group>";
		};
		6529F1FC1BA06B80009D79BC /* Dependencies */ = {
			isa = PBXGroup;
			children = (
				650C14001BC07EF300B61F01 /* SwiftCheck.xcodeproj */,
				650C13E31BC07DAB00B61F01 /* Swiftz.xcodeproj */,
				65830C4B1BA56BA7004433B5 /* Nimble.xcodeproj */,
				65830C321BA56AF9004433B5 /* Quick.xcodeproj */,
			);
			name = Dependencies;
			sourceTree = "<group>";
		};
		653AC57B1BB02F3B00250A7C /* Dot */ = {
			isa = PBXGroup;
			children = (
				650D7EAB1BA0928500F62B40 /* DotParser.swift */,
				6513C78F1BA0DEBE00912A7C /* DotAST.swift */,
			);
			name = Dot;
			sourceTree = "<group>";
		};
		653AC57C1BB02F4900250A7C /* Supporting */ = {
			isa = PBXGroup;
			children = (
				6529F2101BA06CB6009D79BC /* Global+Ext.swift */,
				650722691B9F6A9900214138 /* SwiftParse.h */,
				6507226B1B9F6A9900214138 /* Info.plist */,
			);
			name = Supporting;
			sourceTree = "<group>";
		};
		65830C331BA56AF9004433B5 /* Products */ = {
			isa = PBXGroup;
			children = (
				65830C3C1BA56AF9004433B5 /* Quick.framework */,
				65830C3E1BA56AF9004433B5 /* Quick-OSXTests.xctest */,
				65830C401BA56AF9004433B5 /* QuickFocused-OSXTests.xctest */,
				65830C421BA56AF9004433B5 /* Quick.framework */,
				65830C441BA56AF9004433B5 /* Quick-iOSTests.xctest */,
				65830C461BA56AF9004433B5 /* QuickFocused-iOSTests.xctest */,
			);
			name = Products;
			sourceTree = "<group>";
		};
		65830C4C1BA56BA7004433B5 /* Products */ = {
			isa = PBXGroup;
			children = (
				65830C531BA56BA7004433B5 /* Nimble.framework */,
				65830C551BA56BA7004433B5 /* NimbleTests.xctest */,
				65830C571BA56BA7004433B5 /* Nimble.framework */,
				65830C591BA56BA7004433B5 /* NimbleTests.xctest */,
			);
			name = Products;
			sourceTree = "<group>";
		};
/* End PBXGroup section */

/* Begin PBXHeadersBuildPhase section */
		650722631B9F6A9800214138 /* Headers */ = {
			isa = PBXHeadersBuildPhase;
			buildActionMask = 2147483647;
			files = (
				6507226A1B9F6A9900214138 /* SwiftParse.h in Headers */,
			);
			runOnlyForDeploymentPostprocessing = 0;
		};
		6513C79E1BA28BBA00912A7C /* Headers */ = {
			isa = PBXHeadersBuildPhase;
			buildActionMask = 2147483647;
			files = (
				6513C7A41BA28BBA00912A7C /* SwiftParse-OSX.h in Headers */,
			);
			runOnlyForDeploymentPostprocessing = 0;
		};
/* End PBXHeadersBuildPhase section */

/* Begin PBXNativeTarget section */
		650722651B9F6A9800214138 /* SwiftParse-iOS */ = {
			isa = PBXNativeTarget;
			buildConfigurationList = 6507227A1B9F6A9900214138 /* Build configuration list for PBXNativeTarget "SwiftParse-iOS" */;
			buildPhases = (
				650722611B9F6A9800214138 /* Sources */,
				650722621B9F6A9800214138 /* Frameworks */,
				650722631B9F6A9800214138 /* Headers */,
				650722641B9F6A9800214138 /* Resources */,
			);
			buildRules = (
			);
			dependencies = (
				650C13FD1BC07E0C00B61F01 /* PBXTargetDependency */,
			);
			name = "SwiftParse-iOS";
			productName = SwiftParse;
			productReference = 650722661B9F6A9800214138 /* SwiftParse.framework */;
			productType = "com.apple.product-type.framework";
		};
		6507226F1B9F6A9900214138 /* SwiftParse-iOSTests */ = {
			isa = PBXNativeTarget;
			buildConfigurationList = 6507227D1B9F6A9900214138 /* Build configuration list for PBXNativeTarget "SwiftParse-iOSTests" */;
			buildPhases = (
				6507226C1B9F6A9900214138 /* Sources */,
				6507226D1B9F6A9900214138 /* Frameworks */,
				6507226E1B9F6A9900214138 /* Resources */,
			);
			buildRules = (
			);
			dependencies = (
				650722731B9F6A9900214138 /* PBXTargetDependency */,
			);
			name = "SwiftParse-iOSTests";
			productName = SwiftParseTests;
			productReference = 650722701B9F6A9900214138 /* SwiftParse-iOSTests.xctest */;
			productType = "com.apple.product-type.bundle.unit-test";
		};
		6513C7A01BA28BBA00912A7C /* SwiftParse-OSX */ = {
			isa = PBXNativeTarget;
			buildConfigurationList = 6513C7B21BA28BBA00912A7C /* Build configuration list for PBXNativeTarget "SwiftParse-OSX" */;
			buildPhases = (
				6513C79C1BA28BBA00912A7C /* Sources */,
				6513C79D1BA28BBA00912A7C /* Frameworks */,
				6513C79E1BA28BBA00912A7C /* Headers */,
				6513C79F1BA28BBA00912A7C /* Resources */,
			);
			buildRules = (
			);
			dependencies = (
			);
			name = "SwiftParse-OSX";
			productName = "SwiftParse-OSX";
			productReference = 6513C7A11BA28BBA00912A7C /* SwiftParse.framework */;
			productType = "com.apple.product-type.framework";
		};
		6513C7A91BA28BBA00912A7C /* SwiftParse-OSXTests */ = {
			isa = PBXNativeTarget;
			buildConfigurationList = 6513C7B51BA28BBA00912A7C /* Build configuration list for PBXNativeTarget "SwiftParse-OSXTests" */;
			buildPhases = (
				6513C7A61BA28BBA00912A7C /* Sources */,
				6513C7A71BA28BBA00912A7C /* Frameworks */,
				6513C7A81BA28BBA00912A7C /* Resources */,
			);
			buildRules = (
			);
			dependencies = (
				65FD85B11BB552B0008089E4 /* PBXTargetDependency */,
				6513C7AD1BA28BBA00912A7C /* PBXTargetDependency */,
			);
			name = "SwiftParse-OSXTests";
			productName = "SwiftParse-OSXTests";
			productReference = 6513C7AA1BA28BBA00912A7C /* SwiftParse-OSXTests.xctest */;
			productType = "com.apple.product-type.bundle.unit-test";
		};
/* End PBXNativeTarget section */

/* Begin PBXProject section */
		6507225D1B9F6A9800214138 /* Project object */ = {
			isa = PBXProject;
			attributes = {
				LastUpgradeCheck = 0700;
				ORGANIZATIONNAME = StoryShare;
				TargetAttributes = {
					650722651B9F6A9800214138 = {
						CreatedOnToolsVersion = 7.0;
					};
					6507226F1B9F6A9900214138 = {
						CreatedOnToolsVersion = 7.0;
					};
					6513C7A01BA28BBA00912A7C = {
						CreatedOnToolsVersion = 7.0;
					};
					6513C7A91BA28BBA00912A7C = {
						CreatedOnToolsVersion = 7.0;
					};
				};
			};
			buildConfigurationList = 650722601B9F6A9800214138 /* Build configuration list for PBXProject "SwiftParse" */;
			compatibilityVersion = "Xcode 3.2";
			developmentRegion = English;
			hasScannedForEncodings = 0;
			knownRegions = (
				en,
			);
			mainGroup = 6507225C1B9F6A9800214138;
			productRefGroup = 650722671B9F6A9800214138 /* Products */;
			projectDirPath = "";
			projectReferences = (
				{
					ProductGroup = 65830C4C1BA56BA7004433B5 /* Products */;
					ProjectRef = 65830C4B1BA56BA7004433B5 /* Nimble.xcodeproj */;
				},
				{
					ProductGroup = 65830C331BA56AF9004433B5 /* Products */;
					ProjectRef = 65830C321BA56AF9004433B5 /* Quick.xcodeproj */;
				},
				{
					ProductGroup = 650C14011BC07EF300B61F01 /* Products */;
					ProjectRef = 650C14001BC07EF300B61F01 /* SwiftCheck.xcodeproj */;
				},
				{
					ProductGroup = 650C13E41BC07DAB00B61F01 /* Products */;
					ProjectRef = 650C13E31BC07DAB00B61F01 /* Swiftz.xcodeproj */;
				},
			);
			projectRoot = "";
			targets = (
				650722651B9F6A9800214138 /* SwiftParse-iOS */,
				6507226F1B9F6A9900214138 /* SwiftParse-iOSTests */,
				6513C7A01BA28BBA00912A7C /* SwiftParse-OSX */,
				6513C7A91BA28BBA00912A7C /* SwiftParse-OSXTests */,
			);
		};
/* End PBXProject section */

/* Begin PBXReferenceProxy section */
		650C13F51BC07DAB00B61F01 /* Swiftz.framework */ = {
			isa = PBXReferenceProxy;
			fileType = wrapper.framework;
			path = Swiftz.framework;
			remoteRef = 650C13F41BC07DAB00B61F01 /* PBXContainerItemProxy */;
			sourceTree = BUILT_PRODUCTS_DIR;
		};
		650C13F71BC07DAB00B61F01 /* SwiftzTests.xctest */ = {
			isa = PBXReferenceProxy;
			fileType = wrapper.cfbundle;
			path = SwiftzTests.xctest;
			remoteRef = 650C13F61BC07DAB00B61F01 /* PBXContainerItemProxy */;
			sourceTree = BUILT_PRODUCTS_DIR;
		};
		650C13F91BC07DAB00B61F01 /* Swiftz.framework */ = {
			isa = PBXReferenceProxy;
			fileType = wrapper.framework;
			path = Swiftz.framework;
			remoteRef = 650C13F81BC07DAB00B61F01 /* PBXContainerItemProxy */;
			sourceTree = BUILT_PRODUCTS_DIR;
		};
		650C13FB1BC07DAB00B61F01 /* Swiftz-iOSTests.xctest */ = {
			isa = PBXReferenceProxy;
			fileType = wrapper.cfbundle;
			path = "Swiftz-iOSTests.xctest";
			remoteRef = 650C13FA1BC07DAB00B61F01 /* PBXContainerItemProxy */;
			sourceTree = BUILT_PRODUCTS_DIR;
		};
		650C14081BC07EF400B61F01 /* SwiftCheck.framework */ = {
			isa = PBXReferenceProxy;
			fileType = wrapper.framework;
			path = SwiftCheck.framework;
			remoteRef = 650C14071BC07EF400B61F01 /* PBXContainerItemProxy */;
			sourceTree = BUILT_PRODUCTS_DIR;
		};
		650C140A1BC07EF400B61F01 /* SwiftCheckTests.xctest */ = {
			isa = PBXReferenceProxy;
			fileType = wrapper.cfbundle;
			path = SwiftCheckTests.xctest;
			remoteRef = 650C14091BC07EF400B61F01 /* PBXContainerItemProxy */;
			sourceTree = BUILT_PRODUCTS_DIR;
		};
		650C140C1BC07EF400B61F01 /* SwiftCheck.framework */ = {
			isa = PBXReferenceProxy;
			fileType = wrapper.framework;
			path = SwiftCheck.framework;
			remoteRef = 650C140B1BC07EF400B61F01 /* PBXContainerItemProxy */;
			sourceTree = BUILT_PRODUCTS_DIR;
		};
		650C140E1BC07EF400B61F01 /* SwiftCheck-iOSTests.xctest */ = {
			isa = PBXReferenceProxy;
			fileType = wrapper.cfbundle;
			path = "SwiftCheck-iOSTests.xctest";
			remoteRef = 650C140D1BC07EF400B61F01 /* PBXContainerItemProxy */;
			sourceTree = BUILT_PRODUCTS_DIR;
		};
		65830C3C1BA56AF9004433B5 /* Quick.framework */ = {
			isa = PBXReferenceProxy;
			fileType = wrapper.framework;
			path = Quick.framework;
			remoteRef = 65830C3B1BA56AF9004433B5 /* PBXContainerItemProxy */;
			sourceTree = BUILT_PRODUCTS_DIR;
		};
		65830C3E1BA56AF9004433B5 /* Quick-OSXTests.xctest */ = {
			isa = PBXReferenceProxy;
			fileType = wrapper.cfbundle;
			path = "Quick-OSXTests.xctest";
			remoteRef = 65830C3D1BA56AF9004433B5 /* PBXContainerItemProxy */;
			sourceTree = BUILT_PRODUCTS_DIR;
		};
		65830C401BA56AF9004433B5 /* QuickFocused-OSXTests.xctest */ = {
			isa = PBXReferenceProxy;
			fileType = wrapper.cfbundle;
			path = "QuickFocused-OSXTests.xctest";
			remoteRef = 65830C3F1BA56AF9004433B5 /* PBXContainerItemProxy */;
			sourceTree = BUILT_PRODUCTS_DIR;
		};
		65830C421BA56AF9004433B5 /* Quick.framework */ = {
			isa = PBXReferenceProxy;
			fileType = wrapper.framework;
			path = Quick.framework;
			remoteRef = 65830C411BA56AF9004433B5 /* PBXContainerItemProxy */;
			sourceTree = BUILT_PRODUCTS_DIR;
		};
		65830C441BA56AF9004433B5 /* Quick-iOSTests.xctest */ = {
			isa = PBXReferenceProxy;
			fileType = wrapper.cfbundle;
			path = "Quick-iOSTests.xctest";
			remoteRef = 65830C431BA56AF9004433B5 /* PBXContainerItemProxy */;
			sourceTree = BUILT_PRODUCTS_DIR;
		};
		65830C461BA56AF9004433B5 /* QuickFocused-iOSTests.xctest */ = {
			isa = PBXReferenceProxy;
			fileType = wrapper.cfbundle;
			path = "QuickFocused-iOSTests.xctest";
			remoteRef = 65830C451BA56AF9004433B5 /* PBXContainerItemProxy */;
			sourceTree = BUILT_PRODUCTS_DIR;
		};
		65830C531BA56BA7004433B5 /* Nimble.framework */ = {
			isa = PBXReferenceProxy;
			fileType = wrapper.framework;
			path = Nimble.framework;
			remoteRef = 65830C521BA56BA7004433B5 /* PBXContainerItemProxy */;
			sourceTree = BUILT_PRODUCTS_DIR;
		};
		65830C551BA56BA7004433B5 /* NimbleTests.xctest */ = {
			isa = PBXReferenceProxy;
			fileType = wrapper.cfbundle;
			path = NimbleTests.xctest;
			remoteRef = 65830C541BA56BA7004433B5 /* PBXContainerItemProxy */;
			sourceTree = BUILT_PRODUCTS_DIR;
		};
		65830C571BA56BA7004433B5 /* Nimble.framework */ = {
			isa = PBXReferenceProxy;
			fileType = wrapper.framework;
			path = Nimble.framework;
			remoteRef = 65830C561BA56BA7004433B5 /* PBXContainerItemProxy */;
			sourceTree = BUILT_PRODUCTS_DIR;
		};
		65830C591BA56BA7004433B5 /* NimbleTests.xctest */ = {
			isa = PBXReferenceProxy;
			fileType = wrapper.cfbundle;
			path = NimbleTests.xctest;
			remoteRef = 65830C581BA56BA7004433B5 /* PBXContainerItemProxy */;
			sourceTree = BUILT_PRODUCTS_DIR;
		};
/* End PBXReferenceProxy section */

/* Begin PBXResourcesBuildPhase section */
		650722641B9F6A9800214138 /* Resources */ = {
			isa = PBXResourcesBuildPhase;
			buildActionMask = 2147483647;
			files = (
			);
			runOnlyForDeploymentPostprocessing = 0;
		};
		6507226E1B9F6A9900214138 /* Resources */ = {
			isa = PBXResourcesBuildPhase;
			buildActionMask = 2147483647;
			files = (
			);
			runOnlyForDeploymentPostprocessing = 0;
		};
		6513C79F1BA28BBA00912A7C /* Resources */ = {
			isa = PBXResourcesBuildPhase;
			buildActionMask = 2147483647;
			files = (
			);
			runOnlyForDeploymentPostprocessing = 0;
		};
		6513C7A81BA28BBA00912A7C /* Resources */ = {
			isa = PBXResourcesBuildPhase;
			buildActionMask = 2147483647;
			files = (
			);
			runOnlyForDeploymentPostprocessing = 0;
		};
/* End PBXResourcesBuildPhase section */

/* Begin PBXSourcesBuildPhase section */
		650722611B9F6A9800214138 /* Sources */ = {
			isa = PBXSourcesBuildPhase;
			buildActionMask = 2147483647;
			files = (
				653AC57D1BB02F6B00250A7C /* DotParser.swift in Sources */,
				6529F2111BA06CB6009D79BC /* Global+Ext.swift in Sources */,
				653AC57F1BB02F7100250A7C /* DotAST.swift in Sources */,
				656BBF961B9F7B74008C2CDF /* SwiftParse.swift in Sources */,
				6513F6111BB9AF030056FCB8 /* SwiftParse+Ext.swift in Sources */,
			);
			runOnlyForDeploymentPostprocessing = 0;
		};
		6507226C1B9F6A9900214138 /* Sources */ = {
			isa = PBXSourcesBuildPhase;
			buildActionMask = 2147483647;
			files = (
				653AC5821BB0331900250A7C /* SwiftParseSpecs.swift in Sources */,
				6513C7961BA17B0F00912A7C /* ArbitraryTypes.swift in Sources */,
				6513C7981BA1D1CC00912A7C /* Test+Extensions.swift in Sources */,
				65305B641BC130BA00A8F307 /* SwiftzSpecs.swift in Sources */,
				650722761B9F6A9900214138 /* SwiftParseTests.swift in Sources */,
				653AC5791BB00D0000250A7C /* Test+Operators.swift in Sources */,
			);
			runOnlyForDeploymentPostprocessing = 0;
		};
		6513C79C1BA28BBA00912A7C /* Sources */ = {
			isa = PBXSourcesBuildPhase;
			buildActionMask = 2147483647;
			files = (
				653AC57E1BB02F6C00250A7C /* DotParser.swift in Sources */,
				6513C7BB1BA28CE800912A7C /* Global+Ext.swift in Sources */,
				653AC5801BB02F7300250A7C /* DotAST.swift in Sources */,
				6513C7B81BA28C7000912A7C /* SwiftParse.swift in Sources */,
				6513F6121BB9AF030056FCB8 /* SwiftParse+Ext.swift in Sources */,
			);
			runOnlyForDeploymentPostprocessing = 0;
		};
		6513C7A61BA28BBA00912A7C /* Sources */ = {
			isa = PBXSourcesBuildPhase;
			buildActionMask = 2147483647;
			files = (
				65305B651BC130BA00A8F307 /* SwiftzSpecs.swift in Sources */,
				6513C7BE1BA2921900912A7C /* ArbitraryTypes.swift in Sources */,
				653AC5831BB0331900250A7C /* SwiftParseSpecs.swift in Sources */,
				6513C7C01BA2922E00912A7C /* Test+Extensions.swift in Sources */,
				653AC57A1BB00D0200250A7C /* Test+Operators.swift in Sources */,
				6513C7B01BA28BBA00912A7C /* SwiftParse_OSXTests.swift in Sources */,
				6513C7BC1BA291B000912A7C /* SwiftParseTests.swift in Sources */,
			);
			runOnlyForDeploymentPostprocessing = 0;
		};
/* End PBXSourcesBuildPhase section */

/* Begin PBXTargetDependency section */
		650722731B9F6A9900214138 /* PBXTargetDependency */ = {
			isa = PBXTargetDependency;
			target = 650722651B9F6A9800214138 /* SwiftParse-iOS */;
			targetProxy = 650722721B9F6A9900214138 /* PBXContainerItemProxy */;
		};
		650C13FD1BC07E0C00B61F01 /* PBXTargetDependency */ = {
			isa = PBXTargetDependency;
			name = "Swiftz-iOS";
			targetProxy = 650C13FC1BC07E0C00B61F01 /* PBXContainerItemProxy */;
		};
		6513C7AD1BA28BBA00912A7C /* PBXTargetDependency */ = {
			isa = PBXTargetDependency;
			target = 6513C7A01BA28BBA00912A7C /* SwiftParse-OSX */;
			targetProxy = 6513C7AC1BA28BBA00912A7C /* PBXContainerItemProxy */;
		};
		65FD85B11BB552B0008089E4 /* PBXTargetDependency */ = {
			isa = PBXTargetDependency;
			name = "Nimble-OSX";
			targetProxy = 65FD85B01BB552B0008089E4 /* PBXContainerItemProxy */;
		};
/* End PBXTargetDependency section */

/* Begin XCBuildConfiguration section */
		650722781B9F6A9900214138 /* Debug */ = {
			isa = XCBuildConfiguration;
			buildSettings = {
				ALWAYS_SEARCH_USER_PATHS = NO;
				CLANG_CXX_LANGUAGE_STANDARD = "gnu++0x";
				CLANG_CXX_LIBRARY = "libc++";
				CLANG_ENABLE_MODULES = YES;
				CLANG_ENABLE_OBJC_ARC = YES;
				CLANG_WARN_BOOL_CONVERSION = YES;
				CLANG_WARN_CONSTANT_CONVERSION = YES;
				CLANG_WARN_DIRECT_OBJC_ISA_USAGE = YES_ERROR;
				CLANG_WARN_EMPTY_BODY = YES;
				CLANG_WARN_ENUM_CONVERSION = YES;
				CLANG_WARN_INT_CONVERSION = YES;
				CLANG_WARN_OBJC_ROOT_CLASS = YES_ERROR;
				CLANG_WARN_UNREACHABLE_CODE = YES;
				CLANG_WARN__DUPLICATE_METHOD_MATCH = YES;
				"CODE_SIGN_IDENTITY[sdk=iphoneos*]" = "iPhone Developer";
				COPY_PHASE_STRIP = NO;
				CURRENT_PROJECT_VERSION = 1;
				DEBUG_INFORMATION_FORMAT = dwarf;
				ENABLE_STRICT_OBJC_MSGSEND = YES;
				ENABLE_TESTABILITY = YES;
				GCC_C_LANGUAGE_STANDARD = gnu99;
				GCC_DYNAMIC_NO_PIC = NO;
				GCC_NO_COMMON_BLOCKS = YES;
				GCC_OPTIMIZATION_LEVEL = 0;
				GCC_PREPROCESSOR_DEFINITIONS = (
					"DEBUG=1",
					"$(inherited)",
				);
				GCC_WARN_64_TO_32_BIT_CONVERSION = YES;
				GCC_WARN_ABOUT_RETURN_TYPE = YES_ERROR;
				GCC_WARN_UNDECLARED_SELECTOR = YES;
				GCC_WARN_UNINITIALIZED_AUTOS = YES_AGGRESSIVE;
				GCC_WARN_UNUSED_FUNCTION = YES;
				GCC_WARN_UNUSED_VARIABLE = YES;
				IPHONEOS_DEPLOYMENT_TARGET = 9.0;
				MTL_ENABLE_DEBUG_INFO = YES;
				ONLY_ACTIVE_ARCH = YES;
				SDKROOT = iphoneos;
				SWIFT_OPTIMIZATION_LEVEL = "-Onone";
				TARGETED_DEVICE_FAMILY = "1,2";
				VERSIONING_SYSTEM = "apple-generic";
				VERSION_INFO_PREFIX = "";
			};
			name = Debug;
		};
		650722791B9F6A9900214138 /* Release */ = {
			isa = XCBuildConfiguration;
			buildSettings = {
				ALWAYS_SEARCH_USER_PATHS = NO;
				CLANG_CXX_LANGUAGE_STANDARD = "gnu++0x";
				CLANG_CXX_LIBRARY = "libc++";
				CLANG_ENABLE_MODULES = YES;
				CLANG_ENABLE_OBJC_ARC = YES;
				CLANG_WARN_BOOL_CONVERSION = YES;
				CLANG_WARN_CONSTANT_CONVERSION = YES;
				CLANG_WARN_DIRECT_OBJC_ISA_USAGE = YES_ERROR;
				CLANG_WARN_EMPTY_BODY = YES;
				CLANG_WARN_ENUM_CONVERSION = YES;
				CLANG_WARN_INT_CONVERSION = YES;
				CLANG_WARN_OBJC_ROOT_CLASS = YES_ERROR;
				CLANG_WARN_UNREACHABLE_CODE = YES;
				CLANG_WARN__DUPLICATE_METHOD_MATCH = YES;
				"CODE_SIGN_IDENTITY[sdk=iphoneos*]" = "iPhone Developer";
				COPY_PHASE_STRIP = NO;
				CURRENT_PROJECT_VERSION = 1;
				DEBUG_INFORMATION_FORMAT = "dwarf-with-dsym";
				ENABLE_NS_ASSERTIONS = NO;
				ENABLE_STRICT_OBJC_MSGSEND = YES;
				GCC_C_LANGUAGE_STANDARD = gnu99;
				GCC_NO_COMMON_BLOCKS = YES;
				GCC_WARN_64_TO_32_BIT_CONVERSION = YES;
				GCC_WARN_ABOUT_RETURN_TYPE = YES_ERROR;
				GCC_WARN_UNDECLARED_SELECTOR = YES;
				GCC_WARN_UNINITIALIZED_AUTOS = YES_AGGRESSIVE;
				GCC_WARN_UNUSED_FUNCTION = YES;
				GCC_WARN_UNUSED_VARIABLE = YES;
				IPHONEOS_DEPLOYMENT_TARGET = 9.0;
				MTL_ENABLE_DEBUG_INFO = NO;
				SDKROOT = iphoneos;
				TARGETED_DEVICE_FAMILY = "1,2";
				VALIDATE_PRODUCT = YES;
				VERSIONING_SYSTEM = "apple-generic";
				VERSION_INFO_PREFIX = "";
			};
			name = Release;
		};
		6507227B1B9F6A9900214138 /* Debug */ = {
			isa = XCBuildConfiguration;
			buildSettings = {
				DEFINES_MODULE = YES;
				DYLIB_COMPATIBILITY_VERSION = 1;
				DYLIB_CURRENT_VERSION = 1;
				DYLIB_INSTALL_NAME_BASE = "@rpath";
				INFOPLIST_FILE = SwiftParse/Info.plist;
				INSTALL_PATH = "$(LOCAL_LIBRARY_DIR)/Frameworks";
				LD_RUNPATH_SEARCH_PATHS = "$(inherited) @executable_path/Frameworks @loader_path/Frameworks";
				PRODUCT_BUNDLE_IDENTIFIER = StoryShare.SwiftParse;
				PRODUCT_NAME = SwiftParse;
				SKIP_INSTALL = YES;
			};
			name = Debug;
		};
		6507227C1B9F6A9900214138 /* Release */ = {
			isa = XCBuildConfiguration;
			buildSettings = {
				DEFINES_MODULE = YES;
				DYLIB_COMPATIBILITY_VERSION = 1;
				DYLIB_CURRENT_VERSION = 1;
				DYLIB_INSTALL_NAME_BASE = "@rpath";
				INFOPLIST_FILE = SwiftParse/Info.plist;
				INSTALL_PATH = "$(LOCAL_LIBRARY_DIR)/Frameworks";
				LD_RUNPATH_SEARCH_PATHS = "$(inherited) @executable_path/Frameworks @loader_path/Frameworks";
				PRODUCT_BUNDLE_IDENTIFIER = StoryShare.SwiftParse;
				PRODUCT_NAME = SwiftParse;
				SKIP_INSTALL = YES;
			};
			name = Release;
		};
		6507227E1B9F6A9900214138 /* Debug */ = {
			isa = XCBuildConfiguration;
			buildSettings = {
				INFOPLIST_FILE = SwiftParseTests/Info.plist;
				LD_RUNPATH_SEARCH_PATHS = "$(inherited) @executable_path/Frameworks @loader_path/Frameworks";
				PRODUCT_BUNDLE_IDENTIFIER = StoryShare.SwiftParseTests;
				PRODUCT_NAME = "$(TARGET_NAME)";
			};
			name = Debug;
		};
		6507227F1B9F6A9900214138 /* Release */ = {
			isa = XCBuildConfiguration;
			buildSettings = {
				INFOPLIST_FILE = SwiftParseTests/Info.plist;
				LD_RUNPATH_SEARCH_PATHS = "$(inherited) @executable_path/Frameworks @loader_path/Frameworks";
				PRODUCT_BUNDLE_IDENTIFIER = StoryShare.SwiftParseTests;
				PRODUCT_NAME = "$(TARGET_NAME)";
			};
			name = Release;
		};
		6513C7B31BA28BBA00912A7C /* Debug */ = {
			isa = XCBuildConfiguration;
			buildSettings = {
				COMBINE_HIDPI_IMAGES = YES;
				DEFINES_MODULE = YES;
				DYLIB_COMPATIBILITY_VERSION = 1;
				DYLIB_CURRENT_VERSION = 1;
				DYLIB_INSTALL_NAME_BASE = "@rpath";
				FRAMEWORK_VERSION = A;
				INFOPLIST_FILE = "SwiftParse-OSX/Info.plist";
				INSTALL_PATH = "$(LOCAL_LIBRARY_DIR)/Frameworks";
				LD_RUNPATH_SEARCH_PATHS = "$(inherited) @executable_path/../Frameworks @loader_path/Frameworks";
				MACOSX_DEPLOYMENT_TARGET = 10.10;
				PRODUCT_BUNDLE_IDENTIFIER = "StoryShare.SwiftParse-OSX";
				PRODUCT_NAME = SwiftParse;
				SDKROOT = macosx;
				SKIP_INSTALL = YES;
			};
			name = Debug;
		};
		6513C7B41BA28BBA00912A7C /* Release */ = {
			isa = XCBuildConfiguration;
			buildSettings = {
				COMBINE_HIDPI_IMAGES = YES;
				DEFINES_MODULE = YES;
				DYLIB_COMPATIBILITY_VERSION = 1;
				DYLIB_CURRENT_VERSION = 1;
				DYLIB_INSTALL_NAME_BASE = "@rpath";
				FRAMEWORK_VERSION = A;
				INFOPLIST_FILE = "SwiftParse-OSX/Info.plist";
				INSTALL_PATH = "$(LOCAL_LIBRARY_DIR)/Frameworks";
				LD_RUNPATH_SEARCH_PATHS = "$(inherited) @executable_path/../Frameworks @loader_path/Frameworks";
				MACOSX_DEPLOYMENT_TARGET = 10.10;
				PRODUCT_BUNDLE_IDENTIFIER = "StoryShare.SwiftParse-OSX";
				PRODUCT_NAME = SwiftParse;
				SDKROOT = macosx;
				SKIP_INSTALL = YES;
			};
			name = Release;
		};
		6513C7B61BA28BBA00912A7C /* Debug */ = {
			isa = XCBuildConfiguration;
			buildSettings = {
				COMBINE_HIDPI_IMAGES = YES;
				INFOPLIST_FILE = "SwiftParse-OSXTests/Info.plist";
				LD_RUNPATH_SEARCH_PATHS = "$(inherited) @executable_path/../Frameworks @loader_path/../Frameworks";
				MACOSX_DEPLOYMENT_TARGET = 10.10;
				PRODUCT_BUNDLE_IDENTIFIER = "StoryShare.SwiftParse-OSXTests";
				PRODUCT_NAME = "$(TARGET_NAME)";
				SDKROOT = macosx;
			};
			name = Debug;
		};
		6513C7B71BA28BBA00912A7C /* Release */ = {
			isa = XCBuildConfiguration;
			buildSettings = {
				COMBINE_HIDPI_IMAGES = YES;
				INFOPLIST_FILE = "SwiftParse-OSXTests/Info.plist";
				LD_RUNPATH_SEARCH_PATHS = "$(inherited) @executable_path/../Frameworks @loader_path/../Frameworks";
				MACOSX_DEPLOYMENT_TARGET = 10.10;
				PRODUCT_BUNDLE_IDENTIFIER = "StoryShare.SwiftParse-OSXTests";
				PRODUCT_NAME = "$(TARGET_NAME)";
				SDKROOT = macosx;
			};
			name = Release;
		};
/* End XCBuildConfiguration section */

/* Begin XCConfigurationList section */
		650722601B9F6A9800214138 /* Build configuration list for PBXProject "SwiftParse" */ = {
			isa = XCConfigurationList;
			buildConfigurations = (
				650722781B9F6A9900214138 /* Debug */,
				650722791B9F6A9900214138 /* Release */,
			);
			defaultConfigurationIsVisible = 0;
			defaultConfigurationName = Release;
		};
		6507227A1B9F6A9900214138 /* Build configuration list for PBXNativeTarget "SwiftParse-iOS" */ = {
			isa = XCConfigurationList;
			buildConfigurations = (
				6507227B1B9F6A9900214138 /* Debug */,
				6507227C1B9F6A9900214138 /* Release */,
			);
			defaultConfigurationIsVisible = 0;
			defaultConfigurationName = Release;
		};
		6507227D1B9F6A9900214138 /* Build configuration list for PBXNativeTarget "SwiftParse-iOSTests" */ = {
			isa = XCConfigurationList;
			buildConfigurations = (
				6507227E1B9F6A9900214138 /* Debug */,
				6507227F1B9F6A9900214138 /* Release */,
			);
			defaultConfigurationIsVisible = 0;
			defaultConfigurationName = Release;
		};
		6513C7B21BA28BBA00912A7C /* Build configuration list for PBXNativeTarget "SwiftParse-OSX" */ = {
			isa = XCConfigurationList;
			buildConfigurations = (
				6513C7B31BA28BBA00912A7C /* Debug */,
				6513C7B41BA28BBA00912A7C /* Release */,
			);
			defaultConfigurationIsVisible = 0;
			defaultConfigurationName = Release;
		};
		6513C7B51BA28BBA00912A7C /* Build configuration list for PBXNativeTarget "SwiftParse-OSXTests" */ = {
			isa = XCConfigurationList;
			buildConfigurations = (
				6513C7B61BA28BBA00912A7C /* Debug */,
				6513C7B71BA28BBA00912A7C /* Release */,
			);
			defaultConfigurationIsVisible = 0;
			defaultConfigurationName = Release;
		};
/* End XCConfigurationList section */
	};
	rootObject = 6507225D1B9F6A9800214138 /* Project object */;
}
